// !$*UTF8*$!
{
	archiveVersion = 1;
	classes = {
	};
	objectVersion = 55;
	objects = {

/* Begin PBXBuildFile section */
		6A9EE33D2733A27E004FA5AD /* AppDelegate.swift in Sources */ = {isa = PBXBuildFile; fileRef = 6A9EE33C2733A27E004FA5AD /* AppDelegate.swift */; };
		6A9EE33F2733A27E004FA5AD /* SceneDelegate.swift in Sources */ = {isa = PBXBuildFile; fileRef = 6A9EE33E2733A27E004FA5AD /* SceneDelegate.swift */; };
		6A9EE3412733A27E004FA5AD /* ViewController.swift in Sources */ = {isa = PBXBuildFile; fileRef = 6A9EE3402733A27E004FA5AD /* ViewController.swift */; };
		6A9EE3442733A27E004FA5AD /* Main.storyboard in Resources */ = {isa = PBXBuildFile; fileRef = 6A9EE3422733A27E004FA5AD /* Main.storyboard */; };
		6A9EE3462733A281004FA5AD /* Assets.xcassets in Resources */ = {isa = PBXBuildFile; fileRef = 6A9EE3452733A281004FA5AD /* Assets.xcassets */; };
		6A9EE3492733A281004FA5AD /* LaunchScreen.storyboard in Resources */ = {isa = PBXBuildFile; fileRef = 6A9EE3472733A281004FA5AD /* LaunchScreen.storyboard */; };
		6A9EE3512733A574004FA5AD /* Passenger.swift in Sources */ = {isa = PBXBuildFile; fileRef = 6A9EE3502733A574004FA5AD /* Passenger.swift */; };
		6A9EE3542733A6F1004FA5AD /* String+Extension.swift in Sources */ = {isa = PBXBuildFile; fileRef = 6A9EE3532733A6F1004FA5AD /* String+Extension.swift */; };
		A3069E4DD194EFCF40B0E01C /* Pods_DemoQRCode.framework in Frameworks */ = {isa = PBXBuildFile; fileRef = BF0AD0FFEF78836A4401772A /* Pods_DemoQRCode.framework */; };
/* End PBXBuildFile section */

/* Begin PBXFileReference section */
		13198D4E22B6A5E3043ED1A2 /* Pods-DemoQRCode.release.xcconfig */ = {isa = PBXFileReference; includeInIndex = 1; lastKnownFileType = text.xcconfig; name = "Pods-DemoQRCode.release.xcconfig"; path = "Target Support Files/Pods-DemoQRCode/Pods-DemoQRCode.release.xcconfig"; sourceTree = "<group>"; };
		2593F267BE6EDE499C6AE05E /* Pods-DemoQRCode.debug.xcconfig */ = {isa = PBXFileReference; includeInIndex = 1; lastKnownFileType = text.xcconfig; name = "Pods-DemoQRCode.debug.xcconfig"; path = "Target Support Files/Pods-DemoQRCode/Pods-DemoQRCode.debug.xcconfig"; sourceTree = "<group>"; };
		6A9EE3392733A27E004FA5AD /* DemoQRCode.app */ = {isa = PBXFileReference; explicitFileType = wrapper.application; includeInIndex = 0; path = DemoQRCode.app; sourceTree = BUILT_PRODUCTS_DIR; };
		6A9EE33C2733A27E004FA5AD /* AppDelegate.swift */ = {isa = PBXFileReference; lastKnownFileType = sourcecode.swift; path = AppDelegate.swift; sourceTree = "<group>"; };
		6A9EE33E2733A27E004FA5AD /* SceneDelegate.swift */ = {isa = PBXFileReference; lastKnownFileType = sourcecode.swift; path = SceneDelegate.swift; sourceTree = "<group>"; };
		6A9EE3402733A27E004FA5AD /* ViewController.swift */ = {isa = PBXFileReference; lastKnownFileType = sourcecode.swift; path = ViewController.swift; sourceTree = "<group>"; };
		6A9EE3432733A27E004FA5AD /* Base */ = {isa = PBXFileReference; lastKnownFileType = file.storyboard; name = Base; path = Base.lproj/Main.storyboard; sourceTree = "<group>"; };
		6A9EE3452733A281004FA5AD /* Assets.xcassets */ = {isa = PBXFileReference; lastKnownFileType = folder.assetcatalog; path = Assets.xcassets; sourceTree = "<group>"; };
		6A9EE3482733A281004FA5AD /* Base */ = {isa = PBXFileReference; lastKnownFileType = file.storyboard; name = Base; path = Base.lproj/LaunchScreen.storyboard; sourceTree = "<group>"; };
		6A9EE34A2733A281004FA5AD /* Info.plist */ = {isa = PBXFileReference; lastKnownFileType = text.plist.xml; path = Info.plist; sourceTree = "<group>"; };
		6A9EE3502733A574004FA5AD /* Passenger.swift */ = {isa = PBXFileReference; lastKnownFileType = sourcecode.swift; path = Passenger.swift; sourceTree = "<group>"; };
		6A9EE3532733A6F1004FA5AD /* String+Extension.swift */ = {isa = PBXFileReference; lastKnownFileType = sourcecode.swift; path = "String+Extension.swift"; sourceTree = "<group>"; };
		BF0AD0FFEF78836A4401772A /* Pods_DemoQRCode.framework */ = {isa = PBXFileReference; explicitFileType = wrapper.framework; includeInIndex = 0; path = Pods_DemoQRCode.framework; sourceTree = BUILT_PRODUCTS_DIR; };
/* End PBXFileReference section */

/* Begin PBXFrameworksBuildPhase section */
		6A9EE3362733A27E004FA5AD /* Frameworks */ = {
			isa = PBXFrameworksBuildPhase;
			buildActionMask = 2147483647;
			files = (
				A3069E4DD194EFCF40B0E01C /* Pods_DemoQRCode.framework in Frameworks */,
			);
			runOnlyForDeploymentPostprocessing = 0;
		};
/* End PBXFrameworksBuildPhase section */

/* Begin PBXGroup section */
		5E182D5756DB8F8F42D76B71 /* Pods */ = {
			isa = PBXGroup;
			children = (
				2593F267BE6EDE499C6AE05E /* Pods-DemoQRCode.debug.xcconfig */,
				13198D4E22B6A5E3043ED1A2 /* Pods-DemoQRCode.release.xcconfig */,
			);
			name = Pods;
			path = Pods;
			sourceTree = "<group>";
		};
		6A9EE3302733A27E004FA5AD = {
			isa = PBXGroup;
			children = (
				6A9EE33B2733A27E004FA5AD /* DemoQRCode */,
				6A9EE33A2733A27E004FA5AD /* Products */,
				5E182D5756DB8F8F42D76B71 /* Pods */,
				CBD3C5A8A398A852CF815A7C /* Frameworks */,
			);
			sourceTree = "<group>";
		};
		6A9EE33A2733A27E004FA5AD /* Products */ = {
			isa = PBXGroup;
			children = (
				6A9EE3392733A27E004FA5AD /* DemoQRCode.app */,
			);
			name = Products;
			sourceTree = "<group>";
		};
		6A9EE33B2733A27E004FA5AD /* DemoQRCode */ = {
			isa = PBXGroup;
			children = (
				6A9EE3522733A6EA004FA5AD /* Extensions */,
				6A9EE33C2733A27E004FA5AD /* AppDelegate.swift */,
				6A9EE3502733A574004FA5AD /* Passenger.swift */,
				6A9EE33E2733A27E004FA5AD /* SceneDelegate.swift */,
				6A9EE3402733A27E004FA5AD /* ViewController.swift */,
				6A9EE3422733A27E004FA5AD /* Main.storyboard */,
				6A9EE3452733A281004FA5AD /* Assets.xcassets */,
				6A9EE3472733A281004FA5AD /* LaunchScreen.storyboard */,
				6A9EE34A2733A281004FA5AD /* Info.plist */,
			);
			path = DemoQRCode;
			sourceTree = "<group>";
		};
		6A9EE3522733A6EA004FA5AD /* Extensions */ = {
			isa = PBXGroup;
			children = (
				6A9EE3532733A6F1004FA5AD /* String+Extension.swift */,
			);
			path = Extensions;
			sourceTree = "<group>";
		};
		CBD3C5A8A398A852CF815A7C /* Frameworks */ = {
			isa = PBXGroup;
			children = (
				BF0AD0FFEF78836A4401772A /* Pods_DemoQRCode.framework */,
			);
			name = Frameworks;
			sourceTree = "<group>";
		};
/* End PBXGroup section */

/* Begin PBXNativeTarget section */
		6A9EE3382733A27E004FA5AD /* DemoQRCode */ = {
			isa = PBXNativeTarget;
			buildConfigurationList = 6A9EE34D2733A281004FA5AD /* Build configuration list for PBXNativeTarget "DemoQRCode" */;
			buildPhases = (
				4AD83CEBC38BEEBF47DB8916 /* [CP] Check Pods Manifest.lock */,
				6A9EE3352733A27E004FA5AD /* Sources */,
				6A9EE3362733A27E004FA5AD /* Frameworks */,
				6A9EE3372733A27E004FA5AD /* Resources */,
				442F4F26E59EEF290B00095C /* [CP] Embed Pods Frameworks */,
			);
			buildRules = (
			);
			dependencies = (
			);
			name = DemoQRCode;
			productName = DemoQRCode;
			productReference = 6A9EE3392733A27E004FA5AD /* DemoQRCode.app */;
			productType = "com.apple.product-type.application";
		};
/* End PBXNativeTarget section */

/* Begin PBXProject section */
		6A9EE3312733A27E004FA5AD /* Project object */ = {
			isa = PBXProject;
			attributes = {
				BuildIndependentTargetsInParallel = 1;
				LastSwiftUpdateCheck = 1300;
				LastUpgradeCheck = 1300;
				TargetAttributes = {
					6A9EE3382733A27E004FA5AD = {
						CreatedOnToolsVersion = 13.0;
					};
				};
			};
			buildConfigurationList = 6A9EE3342733A27E004FA5AD /* Build configuration list for PBXProject "DemoQRCode" */;
			compatibilityVersion = "Xcode 13.0";
			developmentRegion = en;
			hasScannedForEncodings = 0;
			knownRegions = (
				en,
				Base,
			);
			mainGroup = 6A9EE3302733A27E004FA5AD;
			productRefGroup = 6A9EE33A2733A27E004FA5AD /* Products */;
			projectDirPath = "";
			projectRoot = "";
			targets = (
				6A9EE3382733A27E004FA5AD /* DemoQRCode */,
			);
		};
/* End PBXProject section */

/* Begin PBXResourcesBuildPhase section */
		6A9EE3372733A27E004FA5AD /* Resources */ = {
			isa = PBXResourcesBuildPhase;
			buildActionMask = 2147483647;
			files = (
				6A9EE3492733A281004FA5AD /* LaunchScreen.storyboard in Resources */,
				6A9EE3462733A281004FA5AD /* Assets.xcassets in Resources */,
				6A9EE3442733A27E004FA5AD /* Main.storyboard in Resources */,
			);
			runOnlyForDeploymentPostprocessing = 0;
		};
/* End PBXResourcesBuildPhase section */

/* Begin PBXShellScriptBuildPhase section */
		442F4F26E59EEF290B00095C /* [CP] Embed Pods Frameworks */ = {
			isa = PBXShellScriptBuildPhase;
			buildActionMask = 2147483647;
			files = (
			);
			inputFileListPaths = (
				"${PODS_ROOT}/Target Support Files/Pods-DemoQRCode/Pods-DemoQRCode-frameworks-${CONFIGURATION}-input-files.xcfilelist",
			);
			name = "[CP] Embed Pods Frameworks";
			outputFileListPaths = (
				"${PODS_ROOT}/Target Support Files/Pods-DemoQRCode/Pods-DemoQRCode-frameworks-${CONFIGURATION}-output-files.xcfilelist",
			);
			runOnlyForDeploymentPostprocessing = 0;
			shellPath = /bin/sh;
			shellScript = "\"${PODS_ROOT}/Target Support Files/Pods-DemoQRCode/Pods-DemoQRCode-frameworks.sh\"\n";
			showEnvVarsInLog = 0;
		};
		4AD83CEBC38BEEBF47DB8916 /* [CP] Check Pods Manifest.lock */ = {
			isa = PBXShellScriptBuildPhase;
			buildActionMask = 2147483647;
			files = (
			);
			inputFileListPaths = (
			);
			inputPaths = (
				"${PODS_PODFILE_DIR_PATH}/Podfile.lock",
				"${PODS_ROOT}/Manifest.lock",
			);
			name = "[CP] Check Pods Manifest.lock";
			outputFileListPaths = (
			);
			outputPaths = (
				"$(DERIVED_FILE_DIR)/Pods-DemoQRCode-checkManifestLockResult.txt",
			);
			runOnlyForDeploymentPostprocessing = 0;
			shellPath = /bin/sh;
			shellScript = "diff \"${PODS_PODFILE_DIR_PATH}/Podfile.lock\" \"${PODS_ROOT}/Manifest.lock\" > /dev/null\nif [ $? != 0 ] ; then\n    # print error to STDERR\n    echo \"error: The sandbox is not in sync with the Podfile.lock. Run 'pod install' or update your CocoaPods installation.\" >&2\n    exit 1\nfi\n# This output is used by Xcode 'outputs' to avoid re-running this script phase.\necho \"SUCCESS\" > \"${SCRIPT_OUTPUT_FILE_0}\"\n";
			showEnvVarsInLog = 0;
		};
/* End PBXShellScriptBuildPhase section */

/* Begin PBXSourcesBuildPhase section */
		6A9EE3352733A27E004FA5AD /* Sources */ = {
			isa = PBXSourcesBuildPhase;
			buildActionMask = 2147483647;
			files = (
				6A9EE3412733A27E004FA5AD /* ViewController.swift in Sources */,
				6A9EE33D2733A27E004FA5AD /* AppDelegate.swift in Sources */,
				6A9EE3512733A574004FA5AD /* Passenger.swift in Sources */,
				6A9EE3542733A6F1004FA5AD /* String+Extension.swift in Sources */,
				6A9EE33F2733A27E004FA5AD /* SceneDelegate.swift in Sources */,
			);
			runOnlyForDeploymentPostprocessing = 0;
		};
/* End PBXSourcesBuildPhase section */

/* Begin PBXVariantGroup section */
		6A9EE3422733A27E004FA5AD /* Main.storyboard */ = {
			isa = PBXVariantGroup;
			children = (
				6A9EE3432733A27E004FA5AD /* Base */,
			);
			name = Main.storyboard;
			sourceTree = "<group>";
		};
		6A9EE3472733A281004FA5AD /* LaunchScreen.storyboard */ = {
			isa = PBXVariantGroup;
			children = (
				6A9EE3482733A281004FA5AD /* Base */,
			);
			name = LaunchScreen.storyboard;
			sourceTree = "<group>";
		};
/* End PBXVariantGroup section */

/* Begin XCBuildConfiguration section */
		6A9EE34B2733A281004FA5AD /* Debug */ = {
			isa = XCBuildConfiguration;
			buildSettings = {
				ALWAYS_SEARCH_USER_PATHS = NO;
				CLANG_ANALYZER_NONNULL = YES;
				CLANG_ANALYZER_NUMBER_OBJECT_CONVERSION = YES_AGGRESSIVE;
				CLANG_CXX_LANGUAGE_STANDARD = "gnu++17";
				CLANG_CXX_LIBRARY = "libc++";
				CLANG_ENABLE_MODULES = YES;
				CLANG_ENABLE_OBJC_ARC = YES;
				CLANG_ENABLE_OBJC_WEAK = YES;
				CLANG_WARN_BLOCK_CAPTURE_AUTORELEASING = YES;
				CLANG_WARN_BOOL_CONVERSION = YES;
				CLANG_WARN_COMMA = YES;
				CLANG_WARN_CONSTANT_CONVERSION = YES;
				CLANG_WARN_DEPRECATED_OBJC_IMPLEMENTATIONS = YES;
				CLANG_WARN_DIRECT_OBJC_ISA_USAGE = YES_ERROR;
				CLANG_WARN_DOCUMENTATION_COMMENTS = YES;
				CLANG_WARN_EMPTY_BODY = YES;
				CLANG_WARN_ENUM_CONVERSION = YES;
				CLANG_WARN_INFINITE_RECURSION = YES;
				CLANG_WARN_INT_CONVERSION = YES;
				CLANG_WARN_NON_LITERAL_NULL_CONVERSION = YES;
				CLANG_WARN_OBJC_IMPLICIT_RETAIN_SELF = YES;
				CLANG_WARN_OBJC_LITERAL_CONVERSION = YES;
				CLANG_WARN_OBJC_ROOT_CLASS = YES_ERROR;
				CLANG_WARN_QUOTED_INCLUDE_IN_FRAMEWORK_HEADER = YES;
				CLANG_WARN_RANGE_LOOP_ANALYSIS = YES;
				CLANG_WARN_STRICT_PROTOTYPES = YES;
				CLANG_WARN_SUSPICIOUS_MOVE = YES;
				CLANG_WARN_UNGUARDED_AVAILABILITY = YES_AGGRESSIVE;
				CLANG_WARN_UNREACHABLE_CODE = YES;
				CLANG_WARN__DUPLICATE_METHOD_MATCH = YES;
				COPY_PHASE_STRIP = NO;
				DEBUG_INFORMATION_FORMAT = dwarf;
				ENABLE_STRICT_OBJC_MSGSEND = YES;
				ENABLE_TESTABILITY = YES;
				GCC_C_LANGUAGE_STANDARD = gnu11;
				GCC_DYNAMIC_NO_PIC = NO;
				GCC_NO_COMMON_BLOCKS = YES;
				GCC_OPTIMIZATION_LEVEL = 0;
				GCC_PREPROCESSOR_DEFINITIONS = (
					"DEBUG=1",
					"$(inherited)",
				);
				GCC_WARN_64_TO_32_BIT_CONVERSION = YES;
				GCC_WARN_ABOUT_RETURN_TYPE = YES_ERROR;
				GCC_WARN_UNDECLARED_SELECTOR = YES;
				GCC_WARN_UNINITIALIZED_AUTOS = YES_AGGRESSIVE;
				GCC_WARN_UNUSED_FUNCTION = YES;
				GCC_WARN_UNUSED_VARIABLE = YES;
				IPHONEOS_DEPLOYMENT_TARGET = 15.0;
				MTL_ENABLE_DEBUG_INFO = INCLUDE_SOURCE;
				MTL_FAST_MATH = YES;
				ONLY_ACTIVE_ARCH = YES;
				SDKROOT = iphoneos;
				SWIFT_ACTIVE_COMPILATION_CONDITIONS = DEBUG;
				SWIFT_OPTIMIZATION_LEVEL = "-Onone";
			};
			name = Debug;
		};
		6A9EE34C2733A281004FA5AD /* Release */ = {
			isa = XCBuildConfiguration;
			buildSettings = {
				ALWAYS_SEARCH_USER_PATHS = NO;
				CLANG_ANALYZER_NONNULL = YES;
				CLANG_ANALYZER_NUMBER_OBJECT_CONVERSION = YES_AGGRESSIVE;
				CLANG_CXX_LANGUAGE_STANDARD = "gnu++17";
				CLANG_CXX_LIBRARY = "libc++";
				CLANG_ENABLE_MODULES = YES;
				CLANG_ENABLE_OBJC_ARC = YES;
				CLANG_ENABLE_OBJC_WEAK = YES;
				CLANG_WARN_BLOCK_CAPTURE_AUTORELEASING = YES;
				CLANG_WARN_BOOL_CONVERSION = YES;
				CLANG_WARN_COMMA = YES;
				CLANG_WARN_CONSTANT_CONVERSION = YES;
				CLANG_WARN_DEPRECATED_OBJC_IMPLEMENTATIONS = YES;
				CLANG_WARN_DIRECT_OBJC_ISA_USAGE = YES_ERROR;
				CLANG_WARN_DOCUMENTATION_COMMENTS = YES;
				CLANG_WARN_EMPTY_BODY = YES;
				CLANG_WARN_ENUM_CONVERSION = YES;
				CLANG_WARN_INFINITE_RECURSION = YES;
				CLANG_WARN_INT_CONVERSION = YES;
				CLANG_WARN_NON_LITERAL_NULL_CONVERSION = YES;
				CLANG_WARN_OBJC_IMPLICIT_RETAIN_SELF = YES;
				CLANG_WARN_OBJC_LITERAL_CONVERSION = YES;
				CLANG_WARN_OBJC_ROOT_CLASS = YES_ERROR;
				CLANG_WARN_QUOTED_INCLUDE_IN_FRAMEWORK_HEADER = YES;
				CLANG_WARN_RANGE_LOOP_ANALYSIS = YES;
				CLANG_WARN_STRICT_PROTOTYPES = YES;
				CLANG_WARN_SUSPICIOUS_MOVE = YES;
				CLANG_WARN_UNGUARDED_AVAILABILITY = YES_AGGRESSIVE;
				CLANG_WARN_UNREACHABLE_CODE = YES;
				CLANG_WARN__DUPLICATE_METHOD_MATCH = YES;
				COPY_PHASE_STRIP = NO;
				DEBUG_INFORMATION_FORMAT = "dwarf-with-dsym";
				ENABLE_NS_ASSERTIONS = NO;
				ENABLE_STRICT_OBJC_MSGSEND = YES;
				GCC_C_LANGUAGE_STANDARD = gnu11;
				GCC_NO_COMMON_BLOCKS = YES;
				GCC_WARN_64_TO_32_BIT_CONVERSION = YES;
				GCC_WARN_ABOUT_RETURN_TYPE = YES_ERROR;
				GCC_WARN_UNDECLARED_SELECTOR = YES;
				GCC_WARN_UNINITIALIZED_AUTOS = YES_AGGRESSIVE;
				GCC_WARN_UNUSED_FUNCTION = YES;
				GCC_WARN_UNUSED_VARIABLE = YES;
				IPHONEOS_DEPLOYMENT_TARGET = 15.0;
				MTL_ENABLE_DEBUG_INFO = NO;
				MTL_FAST_MATH = YES;
				SDKROOT = iphoneos;
				SWIFT_COMPILATION_MODE = wholemodule;
				SWIFT_OPTIMIZATION_LEVEL = "-O";
				VALIDATE_PRODUCT = YES;
			};
			name = Release;
		};
		6A9EE34E2733A281004FA5AD /* Debug */ = {
			isa = XCBuildConfiguration;
			baseConfigurationReference = 2593F267BE6EDE499C6AE05E /* Pods-DemoQRCode.debug.xcconfig */;
			buildSettings = {
				ASSETCATALOG_COMPILER_APPICON_NAME = AppIcon;
				ASSETCATALOG_COMPILER_GLOBAL_ACCENT_COLOR_NAME = AccentColor;
				CODE_SIGN_STYLE = Automatic;
				CURRENT_PROJECT_VERSION = 1;
				DEVELOPMENT_TEAM = 3266WF6C2V;
				GENERATE_INFOPLIST_FILE = YES;
				INFOPLIST_FILE = DemoQRCode/Info.plist;
				INFOPLIST_KEY_UIApplicationSupportsIndirectInputEvents = YES;
				INFOPLIST_KEY_UILaunchStoryboardName = LaunchScreen;
				INFOPLIST_KEY_UIMainStoryboardFile = Main;
				INFOPLIST_KEY_UISupportedInterfaceOrientations_iPad = "UIInterfaceOrientationPortrait UIInterfaceOrientationPortraitUpsideDown UIInterfaceOrientationLandscapeLeft UIInterfaceOrientationLandscapeRight";
				INFOPLIST_KEY_UISupportedInterfaceOrientations_iPhone = "UIInterfaceOrientationPortrait UIInterfaceOrientationLandscapeLeft UIInterfaceOrientationLandscapeRight";
				LD_RUNPATH_SEARCH_PATHS = (
					"$(inherited)",
					"@executable_path/Frameworks",
				);
				MARKETING_VERSION = 1.0;
				PRODUCT_BUNDLE_IDENTIFIER = com.demo.qrcode.menut.DemoQRCode;
				PRODUCT_NAME = "$(TARGET_NAME)";
				SWIFT_EMIT_LOC_STRINGS = YES;
				SWIFT_VERSION = 5.0;
				TARGETED_DEVICE_FAMILY = "1,2";
			};
			name = Debug;
		};
		6A9EE34F2733A281004FA5AD /* Release */ = {
			isa = XCBuildConfiguration;
			baseConfigurationReference = 13198D4E22B6A5E3043ED1A2 /* Pods-DemoQRCode.release.xcconfig */;
			buildSettings = {
				ASSETCATALOG_COMPILER_APPICON_NAME = AppIcon;
				ASSETCATALOG_COMPILER_GLOBAL_ACCENT_COLOR_NAME = AccentColor;
				CODE_SIGN_STYLE = Automatic;
				CURRENT_PROJECT_VERSION = 1;
				DEVELOPMENT_TEAM = 3266WF6C2V;
				GENERATE_INFOPLIST_FILE = YES;
				INFOPLIST_FILE = DemoQRCode/Info.plist;
				INFOPLIST_KEY_UIApplicationSupportsIndirectInputEvents = YES;
				INFOPLIST_KEY_UILaunchStoryboardName = LaunchScreen;
				INFOPLIST_KEY_UIMainStoryboardFile = Main;
				INFOPLIST_KEY_UISupportedInterfaceOrientations_iPad = "UIInterfaceOrientationPortrait UIInterfaceOrientationPortraitUpsideDown UIInterfaceOrientationLandscapeLeft UIInterfaceOrientationLandscapeRight";
				INFOPLIST_KEY_UISupportedInterfaceOrientations_iPhone = "UIInterfaceOrientationPortrait UIInterfaceOrientationLandscapeLeft UIInterfaceOrientationLandscapeRight";
				LD_RUNPATH_SEARCH_PATHS = (
					"$(inherited)",
					"@executable_path/Frameworks",
				);
				MARKETING_VERSION = 1.0;
				PRODUCT_BUNDLE_IDENTIFIER = com.demo.qrcode.menut.DemoQRCode;
				PRODUCT_NAME = "$(TARGET_NAME)";
				SWIFT_EMIT_LOC_STRINGS = YES;
				SWIFT_VERSION = 5.0;
				TARGETED_DEVICE_FAMILY = "1,2";
			};
			name = Release;
		};
/* End XCBuildConfiguration section */

/* Begin XCConfigurationList section */
		6A9EE3342733A27E004FA5AD /* Build configuration list for PBXProject "DemoQRCode" */ = {
			isa = XCConfigurationList;
			buildConfigurations = (
				6A9EE34B2733A281004FA5AD /* Debug */,
				6A9EE34C2733A281004FA5AD /* Release */,
			);
			defaultConfigurationIsVisible = 0;
			defaultConfigurationName = Release;
		};
		6A9EE34D2733A281004FA5AD /* Build configuration list for PBXNativeTarget "DemoQRCode" */ = {
			isa = XCConfigurationList;
			buildConfigurations = (
				6A9EE34E2733A281004FA5AD /* Debug */,
				6A9EE34F2733A281004FA5AD /* Release */,
			);
			defaultConfigurationIsVisible = 0;
			defaultConfigurationName = Release;
		};
/* End XCConfigurationList section */
	};
	rootObject = 6A9EE3312733A27E004FA5AD /* Project object */;
}
